
Microsoft Visual Studio Solution File, Format Version 12.00
# Visual Studio Version 16
VisualStudioVersion = 16.0.29509.3
MinimumVisualStudioVersion = 10.0.40219.1
Project("{FAE04EC0-301F-11D3-BF4B-00C04F79EFBC}") = "HelloWorld", "HelloWorld.csproj", "{1926849F-AD9D-40DC-9028-D88372A18668}"
EndProject
Global
	GlobalSection(SolutionConfigurationPlatforms) = preSolution
		Debug|Any CPU = Debug|Any CPU
		Release|Any CPU = Release|Any CPU
	EndGlobalSection
	GlobalSection(ProjectConfigurationPlatforms) = postSolution
		{1926849F-AD9D-40DC-9028-D88372A18668}.Debug|Any CPU.ActiveCfg = Debug|Any CPU
		{1926849F-AD9D-40DC-9028-D88372A18668}.Debug|Any CPU.Build.0 = Debug|Any CPU
		{1926849F-AD9D-40DC-9028-D88372A18668}.Release|Any CPU.ActiveCfg = Release|Any CPU
		{1926849F-AD9D-40DC-9028-D88372A18668}.Release|Any CPU.Build.0 = Release|Any CPU
	EndGlobalSection
	GlobalSection(SolutionProperties) = preSolution
		HideSolutionNode = FALSE
	EndGlobalSection
	GlobalSection(ExtensibilityGlobals) = postSolution
		SolutionGuid = {643A0528-5357-4C89-9B2A-6D51C42865C5}
	EndGlobalSection
EndGlobal
